github.com/BurntSushi/toml v0.3.1 h1:WXkYYl6Yr3qBf1K79EBnL4mak0OimBfB0XUf9Vl28OQ=
github.com/BurntSushi/toml v0.3.1/go.mod h1:xHWCNGjB5oqiDr8zfno3MHue2Ht5sIBksp03qcyfWMU=
github.com/RoaringBitmap/roaring/v2 v2.4.5 h1:uGrrMreGjvAtTBobc0g5IrW1D5ldxDQYe2JW2gggRdg=
github.com/RoaringBitmap/roaring/v2 v2.4.5/go.mod h1:FiJcsfkGje/nZBZgCu0ZxCPOKD/hVXDS2dXi7/eUFE0=
github.com/adrg/frontmatter v0.2.0 h1:/DgnNe82o03riBd1S+ZDjd43wAmC6W35q67NHeLkPd4=
github.com/adrg/frontmatter v0.2.0/go.mod h1:93rQCj3z3ZlwyxxpQioRKC1wDLto4aXHrbqIsnH9wmE=
github.com/alecthomas/chroma/v2 v2.2.0 h1:Aten8jfQwUqEdadVFFjNyjx7HTexhKP0XuqBG67mRDY=
github.com/alecthomas/chroma/v2 v2.2.0/go.mod h1:vf4zrexSH54oEjJ7EdB65tGNHmH3pGZmVkgTP5RHvAs=
github.com/alecthomas/repr v0.0.0-20220113201626-b1b626ac65ae/go.mod h1:2kn6fqh/zIyPLmm3ugklbEi5hg5wS435eygvNfaDQL8=
github.com/bits-and-blooms/bitset v1.12.0/go.mod h1:7hO7Gc7Pp1vODcmWvKMRA9BNmbv6a/7QIWpPxHddWR8=
github.com/bits-and-blooms/bitset v1.22.0 h1:Tquv9S8+SGaS3EhyA+up3FXzmkhxPGjQQCkcs2uw7w4=
github.com/bits-and-blooms/bitset v1.22.0/go.mod h1:7hO7Gc7Pp1vODcmWvKMRA9BNmbv6a/7QIWpPxHddWR8=
github.com/blevesearch/bleve/v2 v2.5.2 h1:Ab0r0MODV2C5A6BEL87GqLBySqp/s9xFgceCju6BQk8=
github.com/blevesearch/bleve/v2 v2.5.2/go.mod h1:5Dj6dUQxZM6aqYT3eutTD/GpWKGFSsV8f7LDidFbwXo=
github.com/blevesearch/bleve_index_api v1.2.8 h1:Y98Pu5/MdlkRyLM0qDHostYo7i+Vv1cDNhqTeR4Sy6Y=
github.com/blevesearch/bleve_index_api v1.2.8/go.mod h1:rKQDl4u51uwafZxFrPD1R7xFOwKnzZW7s/LSeK4lgo0=
github.com/blevesearch/geo v0.2.3 h1:K9/vbGI9ehlXdxjxDRJtoAMt7zGAsMIzc6n8zWcwnhg=
github.com/blevesearch/geo v0.2.3/go.mod h1:K56Q33AzXt2YExVHGObtmRSFYZKYGv0JEN5mdacJJR8=
github.com/blevesearch/go-faiss v1.0.25 h1:lel1rkOUGbT1CJ0YgzKwC7k+XH0XVBHnCVWahdCXk4U=
github.com/blevesearch/go-faiss v1.0.25/go.mod h1:OMGQwOaRRYxrmeNdMrXJPvVx8gBnvE5RYrr0BahNnkk=
github.com/blevesearch/go-porterstemmer v1.0.3 h1:GtmsqID0aZdCSNiY8SkuPJ12pD4jI+DdXTAn4YRcHCo=
github.com/blevesearch/go-porterstemmer v1.0.3/go.mod h1:angGc5Ht+k2xhJdZi511LtmxuEf0OVpvUUNrwmM1P7M=
github.com/blevesearch/gtreap v0.1.1 h1:2JWigFrzDMR+42WGIN/V2p0cUvn4UP3C4Q5nmaZGW8Y=
github.com/blevesearch/gtreap v0.1.1/go.mod h1:QaQyDRAT51sotthUWAH4Sj08awFSSWzgYICSZ3w0tYk=
github.com/blevesearch/mmap-go v1.0.4 h1:OVhDhT5B/M1HNPpYPBKIEJaD0F3Si+CrEKULGCDPWmc=
github.com/blevesearch/mmap-go v1.0.4/go.mod h1:EWmEAOmdAS9z/pi/+Toxu99DnsbhG1TIxUoRmJw/pSs=
github.com/blevesearch/scorch_segment_api/v2 v2.3.10 h1:Yqk0XD1mE0fDZAJXTjawJ8If/85JxnLd8v5vG/jWE/s=
github.com/blevesearch/scorch_segment_api/v2 v2.3.10/go.mod h1:Z3e6ChN3qyN35yaQpl00MfI5s8AxUJbpTR/DL8QOQ+8=
github.com/blevesearch/segment v0.9.1 h1:+dThDy+Lvgj5JMxhmOVlgFfkUtZV2kw49xax4+jTfSU=
github.com/blevesearch/segment v0.9.1/go.mod h1:zN21iLm7+GnBHWTao9I+Au/7MBiL8pPFtJBJTsk6kQw=
github.com/blevesearch/snowballstem v0.9.0 h1:lMQ189YspGP6sXvZQ4WZ+MLawfV8wOmPoD/iWeNXm8s=
github.com/blevesearch/snowballstem v0.9.0/go.mod h1:PivSj3JMc8WuaFkTSRDW2SlrulNWPl4ABg1tC/hlgLs=
github.com/blevesearch/upsidedown_store_api v1.0.2 h1:U53Q6YoWEARVLd1OYNc9kvhBMGZzVrdmaozG2MfoB+A=
github.com/blevesearch/upsidedown_store_api v1.0.2/go.mod h1:M01mh3Gpfy56Ps/UXHjEO/knbqyQ1Oamg8If49gRwrQ=
github.com/blevesearch/vellum v1.1.0 h1:CinkGyIsgVlYf8Y2LUQHvdelgXr6PYuvoDIajq6yR9w=
github.com/blevesearch/vellum v1.1.0/go.mod h1:QgwWryE8ThtNPxtgWJof5ndPfx0/YMBh+W2weHKPw8Y=
github.com/blevesearch/zapx/v11 v11.4.2 h1:l46SV+b0gFN+Rw3wUI1YdMWdSAVhskYuvxlcgpQFljs=
github.com/blevesearch/zapx/v11 v11.4.2/go.mod h1:4gdeyy9oGa/lLa6D34R9daXNUvfMPZqUYjPwiLmekwc=
github.com/blevesearch/zapx/v12 v12.4.2 h1:fzRbhllQmEMUuAQ7zBuMvKRlcPA5ESTgWlDEoB9uQNE=
github.com/blevesearch/zapx/v12 v12.4.2/go.mod h1:TdFmr7afSz1hFh/SIBCCZvcLfzYvievIH6aEISCte58=
github.com/blevesearch/zapx/v13 v13.4.2 h1:46PIZCO/ZuKZYgxI8Y7lOJqX3Irkc3N8W82QTK3MVks=
github.com/blevesearch/zapx/v13 v13.4.2/go.mod h1:knK8z2NdQHlb5ot/uj8wuvOq5PhDGjNYQQy0QDnopZk=
github.com/blevesearch/zapx/v14 v14.4.2 h1:2SGHakVKd+TrtEqpfeq8X+So5PShQ5nW6GNxT7fWYz0=
github.com/blevesearch/zapx/v14 v14.4.2/go.mod h1:rz0XNb/OZSMjNorufDGSpFpjoFKhXmppH9Hi7a877D8=
github.com/blevesearch/zapx/v15 v15.4.2 h1:sWxpDE0QQOTjyxYbAVjt3+0ieu8NCE0fDRaFxEsp31k=
github.com/blevesearch/zapx/v15 v15.4.2/go.mod h1:1pssev/59FsuWcgSnTa0OeEpOzmhtmr/0/11H0Z8+Nw=
github.com/blevesearch/zapx/v16 v16.2.4 h1:tGgfvleXTAkwsD5mEzgM3zCS/7pgocTCnO1oyAUjlww=
github.com/blevesearch/zapx/v16 v16.2.4/go.mod h1:Rti/REtuuMmzwsI8/C/qIzRaEoSK/wiFYw5e5ctUKKs=
github.com/davecgh/go-spew v1.1.0/go.mod h1:J7Y8YcW2NihsgmVo/mv3lAwl/skON4iLHjSsI+c5H38=
github.com/davecgh/go-spew v1.1.1 h1:vj9j/u1bqnvCEfJOwUhtlOARqs3+rkHYY13jYWTU97c=
github.com/davecgh/go-spew v1.1.1/go.mod h1:J7Y8YcW2NihsgmVo/mv3lAwl/skON4iLHjSsI+c5H38=
github.com/dlclark/regexp2 v1.4.0/go.mod h1:2pZnwuY/m+8K6iRw6wQdMtk+rH5tNGR1i55kozfMjCc=
github.com/dlclark/regexp2 v1.7.0 h1:7lJfhqlPssTb1WQx4yvTHN0uElPEv52sbaECrAQxjAo=
github.com/dlclark/regexp2 v1.7.0/go.mod h1:DHkYz0B9wPfa6wondMfaivmHpzrQ3v9q8cnmRbL6yW8=
github.com/fsnotify/fsnotify v1.9.0 h1:2Ml+OJNzbYCTzsxtv8vKSFD9PbJjmhYF14k/jKC7S9k=
github.com/fsnotify/fsnotify v1.9.0/go.mod h1:8jBTzvmWwFyi3Pb8djgCCO5IBqzKJ/Jwo8TRcHyHii0=
github.com/gin-contrib/sse v0.1.0 h1:Y/yl/+YNO8GZSjAhjMsSuLt29uWRFHdHYUb5lYOV9qE=
github.com/gin-contrib/sse v0.1.0/go.mod h1:RHrZQHXnP2xjPF+u1gW/2HnVO7nvIa9PG3Gm+fLHvGI=
github.com/gin-gonic/gin v1.7.4 h1:QmUZXrvJ9qZ3GfWvQ+2wnW/1ePrTEJqPKMYEU3lD/DM=
github.com/gin-gonic/gin v1.7.4/go.mod h1:jD2toBW3GZUr5UMcdrwQA10I7RuaFOl/SGeDjXkfUtY=
github.com/go-fsnotify/fsnotify v0.0.0-20180321022601-755488143dae h1:PeVNzgTRtWGm6fVic5i21t+n5ptPGCZuMcSPVMyTWjs=
github.com/go-fsnotify/fsnotify v0.0.0-20180321022601-755488143dae/go.mod h1:BbhqyaehKPCLD83cqfRYdm177Ylm1cdGHu3txjbQSQI=
github.com/go-playground/assert/v2 v2.0.1 h1:MsBgLAaY856+nPRTKrp3/OZK38U/wa0CcBYNjji3q3A=
github.com/go-playground/assert/v2 v2.0.1/go.mod h1:VDjEfimB/XKnb+ZQfWdccd7VUvScMdVu0Titje2rxJ4=
github.com/go-playground/locales v0.13.0 h1:HyWk6mgj5qFqCT5fjGBuRArbVDfE4hi8+e8ceBS/t7Q=
github.com/go-playground/locales v0.13.0/go.mod h1:taPMhCMXrRLJO55olJkUXHZBHCxTMfnGwq/HNwmWNS8=
github.com/go-playground/universal-translator v0.17.0 h1:icxd5fm+REJzpZx7ZfpaD876Lmtgy7VtROAbHHXk8no=
github.com/go-playground/universal-translator v0.17.0/go.mod h1:UkSxE5sNxxRwHyU+Scu5vgOQjsIJAF8j9muTVoKLVtA=
github.com/go-playground/validator/v10 v10.4.1 h1:pH2c5ADXtd66mxoE0Zm9SUhxE20r7aM3F26W0hOn+GE=
github.com/go-playground/validator/v10 v10.4.1/go.mod h1:nlOn6nFhuKACm19sB/8EGNn9GlaMV7XkbRSipzJ0Ii4=
github.com/goccy/go-yaml v1.17.1 h1:LI34wktB2xEE3ONG/2Ar54+/HJVBriAGJ55PHls4YuY=
github.com/goccy/go-yaml v1.17.1/go.mod h1:XBurs7gK8ATbW4ZPGKgcbrY1Br56PdM69F7LkFRi1kA=
github.com/golang/protobuf v1.3.3 h1:gyjaxf+svBWX08ZjK86iN9geUJF0H6gp2IRKX6Nf6/I=
github.com/golang/protobuf v1.3.3/go.mod h1:vzj43D7+SQXF/4pzW/hwtAqwc6iTitCiVSaWz5lYuqw=
github.com/golang/snappy v0.0.4 h1:yAGX7huGHXlcLOEtBnF4w7FQwA26wojNCwOYAEhLjQM=
github.com/golang/snappy v0.0.4/go.mod h1:/XxbfmMg8lxefKM7IXC3fBNl/7bRcc72aCRzEWrmP2Q=
github.com/google/gofuzz v1.0.0/go.mod h1:dBl0BpW6vV/+mYPU4Po3pmUjxk6FQPldtuIdl/M65Eg=
github.com/google/uuid v1.6.0/go.mod h1:TIyPZe4MgqvfeYDBFedMoGGpEw/LqOeaOT+nhxU+yHo=
github.com/jessevdk/go-flags v1.6.1 h1:Cvu5U8UGrLay1rZfv/zP7iLpSHGUZ/Ou68T0iX1bBK4=
github.com/jessevdk/go-flags v1.6.1/go.mod h1:Mk8T1hIAWpOiJiHa9rJASDK2UGWji0EuPGBnNLMooyc=
github.com/json-iterator/go v1.1.9 h1:9yzud/Ht36ygwatGx56VwCZtlI/2AD15T1X2sjSuGns=
github.com/json-iterator/go v1.1.9/go.mod h1:KdQUCv79m/52Kvf8AW2vK1V8akMuk1QjK/uOdHXbAo4=
github.com/leodido/go-urn v1.2.0 h1:hpXL4XnriNwQ/ABnpepYM/1vCLWNDfUNts8dX3xTG6Y=
github.com/leodido/go-urn v1.2.0/go.mod h1:+8+nEpDfqqsY+g338gtMEUOtuK+4dEMhiQEgxpxOKII=
github.com/mattn/go-isatty v0.0.12 h1:wuysRhFDzyxgEmMf5xjvJ2M9dZoWAXNNr5LSBS7uHXY=
github.com/mattn/go-isatty v0.0.12/go.mod h1:cbi8OIDigv2wuxKPP5vlRcQ1OAZbq2CE4Kysco4FUpU=
github.com/modern-go/concurrent v0.0.0-20180228061459-e0a39a4cb421 h1:ZqeYNhU3OHLH3mGKHDcjJRFFRrJa6eAM5H+CtDdOsPc=
github.com/modern-go/concurrent v0.0.0-20180228061459-e0a39a4cb421/go.mod h1:6dJC0mAP4ikYIbvyc7fijjWJddQyLn8Ig3JB5CqoB9Q=
github.com/modern-go/reflect2 v0.0.0-20180701023420-4b7aa43c6742 h1:Esafd1046DLDQ0W1YjYsBW+p8U2u7vzgW2SQVmlNazg=
github.com/modern-go/reflect2 v0.0.0-20180701023420-4b7aa43c6742/go.mod h1:bx2lNnkwVCuqBIxFjflWJWanXIb3RllmbCylyMrvgv0=
github.com/mschoch/smat v0.2.0 h1:8imxQsjDm8yFEAVBe7azKmKSgzSkZXDuKkSq9374khM=
github.com/mschoch/smat v0.2.0/go.mod h1:kc9mz7DoBKqDyiRL7VZN8KvXQMWeTaVnttLRXOlotKw=
github.com/pmezard/go-difflib v1.0.0 h1:4DBwDE0NGyQoBHbLQYPwSUPoCMWR5BEzIk/f1lZbAQM=
github.com/pmezard/go-difflib v1.0.0/go.mod h1:iKH77koFhYxTK1pcRnkKkqfTogsbg7gZNVY4sRDYZ/4=
github.com/stretchr/objx v0.1.0/go.mod h1:HFkY916IF+rwdDfMAkV7OtwuqBVzrE8GR6GFx+wExME=
github.com/stretchr/testify v1.3.0/go.mod h1:M5WIy9Dh21IEIfnGCwXGc5bZfKNJtfHm1UVUgZn+9EI=
github.com/stretchr/testify v1.4.0 h1:2E4SXV/wtOkTonXsotYi4li6zVWxYlZuYNCXe9XRJyk=
github.com/stretchr/testify v1.4.0/go.mod h1:j7eGeouHqKxXV5pUuKE4zz7dFj8WfuZ+81PSLYec5m4=
github.com/stretchr/testify v1.7.0 h1:nwc3DEeHmmLAfoZucVR881uASk0Mfjw8xYJ99tb5CcY=
github.com/stretchr/testify v1.7.0/go.mod h1:6Fq8oRcR53rry900zMqJjRRixrwX3KX962/h/Wwjteg=
github.com/ugorji/go v1.1.7/go.mod h1:kZn38zHttfInRq0xu/PH0az30d+z6vm202qpg1oXVMw=
github.com/ugorji/go/codec v1.1.7 h1:2SvQaVZ1ouYrrKKwoSk2pzd4A9evlKJb9oTL+OaLUSs=
github.com/ugorji/go/codec v1.1.7/go.mod h1:Ax+UKWsSmolVDwsd+7N3ZtXu+yMGCf907BLYF3GoBXY=
github.com/yuin/goldmark v1.4.15/go.mod h1:6yULJ656Px+3vBD8DxQVa3kxgyrAnzto9xy5taEt/CY=
github.com/yuin/goldmark v1.7.12 h1:YwGP/rrea2/CnCtUHgjuolG/PnMxdQtPMO5PvaE2/nY=
github.com/yuin/goldmark v1.7.12/go.mod h1:ip/1k0VRfGynBgxOz0yCqHrbZXhcjxyuS66Brc7iBKg=
github.com/yuin/goldmark-highlighting/v2 v2.0.0-20230729083705-37449abec8cc h1:+IAOyRda+RLrxa1WC7umKOZRsGq4QrFFMYApOeHzQwQ=
github.com/yuin/goldmark-highlighting/v2 v2.0.0-20230729083705-37449abec8cc/go.mod h1:ovIvrum6DQJA4QsJSovrkC4saKHQVs7TvcaeO8AIl5I=
go.etcd.io/bbolt v1.4.0 h1:TU77id3TnN/zKr7CO/uk+fBCwF2jGcMuw2B/FMAzYIk=
go.etcd.io/bbolt v1.4.0/go.mod h1:AsD+OCi/qPN1giOX1aiLAha3o1U8rAz65bvN4j0sRuk=
golang.org/x/crypto v0.0.0-20190308221718-c2843e01d9a2/go.mod h1:djNgcEr1/C05ACkg1iLfiJU5Ep61QUkGW8qpdssI0+w=
golang.org/x/crypto v0.0.0-20200622213623-75b288015ac9 h1:psW17arqaxU48Z5kZ0CQnkZWQJsqcURM6tKiBApRjXI=
golang.org/x/crypto v0.0.0-20200622213623-75b288015ac9/go.mod h1:LzIPMQfyMNhhGPhUkYOs5KpL4U8rLKemX1yGLhDgUto=
golang.org/x/net v0.0.0-20190404232315-eb5bcb51f2a3/go.mod h1:t9HGtf8HONx5eT2rtn7q6eTqICYqUVnKs3thJo3Qplg=
golang.org/x/sys v0.0.0-20190215142949-d0b11bdaac8a/go.mod h1:STP8DvDyc/dI5b8T5hshtkjS+E42TnysNCUPdjciGhY=
golang.org/x/sys v0.0.0-20190412213103-97732733099d/go.mod h1:h1NjWce9XRLGQEsW7wpKNCjG9DtNlClVuFLEZdDNbEs=
golang.org/x/sys v0.0.0-20200116001909-b77594299b42 h1:vEOn+mP2zCOVzKckCZy6YsCtDblrpj/w7B9nxGNELpg=
golang.org/x/sys v0.0.0-20200116001909-b77594299b42/go.mod h1:h1NjWce9XRLGQEsW7wpKNCjG9DtNlClVuFLEZdDNbEs=
golang.org/x/sys v0.0.0-20220520151302-bc2c85ada10a/go.mod h1:oPkhp1MJrh7nUepCBck5+mAzfO9JrbApNNgaTdGDITg=
golang.org/x/sys v0.13.0 h1:Af8nKPmuFypiUBjVoU9V20FiaFXOcuZI21p0ycVYYGE=
golang.org/x/sys v0.13.0/go.mod h1:oPkhp1MJrh7nUepCBck5+mAzfO9JrbApNNgaTdGDITg=
golang.org/x/sys v0.21.0 h1:rF+pYz3DAGSQAxAu1CbC7catZg4ebC4UIeIhKxBZvws=
golang.org/x/sys v0.21.0/go.mod h1:/VUhepiaJMQUp4+oa/7Zr1D23ma6VTLIYjOOTFZPUcA=
golang.org/x/sys v0.29.0 h1:TPYlXGxvx1MGTn2GiZDhnjPA9wZzZeGKHHmKhHYvgaU=
golang.org/x/sys v0.29.0/go.mod h1:/VUhepiaJMQUp4+oa/7Zr1D23ma6VTLIYjOOTFZPUcA=
golang.org/x/text v0.3.0/go.mod h1:NqM8EUOU14njkJ3fqMW+pc6Ldnwhi/IjpwHt7yyuwOQ=
golang.org/x/text v0.3.2/go.mod h1:bEr9sfX3Q8Zfm5fL9x+3itogRgK3+ptLWKqgva+5dAk=
golang.org/x/tools v0.0.0-20180917221912-90fa682c2a6e/go.mod h1:n7NCudcB/nEzxVGmLbDWY5pfWTLqBcC2KZ6jyYvM4mQ=
gopkg.in/check.v1 v0.0.0-20161208181325-20d25e280405 h1:yhCVgyC4o1eVCa2tZl7eS0r+SDo693bJlVdllGtEeKM=
gopkg.in/check.v1 v0.0.0-20161208181325-20d25e280405/go.mod h1:Co6ibVJAznAaIkqp8huTwlJQCZ016jof/cbN4VW5Yz0=
gopkg.in/yaml.v2 v2.2.2/go.mod h1:hI93XBmqTisBFMUTm0b8Fm+jr3Dg1NNxqwp+5A1VGuI=
gopkg.in/yaml.v2 v2.2.8 h1:obN1ZagJSUGI0Ek/LBmuj4SNLPfIny3KsKFopxRdj10=
gopkg.in/yaml.v2 v2.2.8/go.mod h1:hI93XBmqTisBFMUTm0b8Fm+jr3Dg1NNxqwp+5A1VGuI=
gopkg.in/yaml.v2 v2.3.0 h1:clyUAQHOM3G0M3f5vQj7LuJrETvjVot3Z5el9nffUtU=
gopkg.in/yaml.v2 v2.3.0/go.mod h1:hI93XBmqTisBFMUTm0b8Fm+jr3Dg1NNxqwp+5A1VGuI=
gopkg.in/yaml.v3 v3.0.0-20200313102051-9f266ea9e77c/go.mod h1:K4uyk7z7BCEPqu6E+C64Yfv1cQ7kz7rIZviUmN+EgEM=
gopkg.in/yaml.v3 v3.0.0/go.mod h1:K4uyk7z7BCEPqu6E+C64Yfv1cQ7kz7rIZviUmN+EgEM=
